// !$*UTF8*$!
{
	archiveVersion = 1;
	classes = {
	};
	objectVersion = 46;
	objects = {

/* Begin PBXBuildFile section */
		CF1B9F811EC14B7900377381 /* GoogleMobileAds.framework in Frameworks */ = {isa = PBXBuildFile; fileRef = CF1B9F801EC14B7900377381 /* GoogleMobileAds.framework */; };
		CF4273201EBAC17E00E78A8B /* AppDelegate.swift in Sources */ = {isa = PBXBuildFile; fileRef = CF42731F1EBAC17E00E78A8B /* AppDelegate.swift */; };
		CF4273221EBAC17E00E78A8B /* GameScene.sks in Resources */ = {isa = PBXBuildFile; fileRef = CF4273211EBAC17E00E78A8B /* GameScene.sks */; };
		CF4273261EBAC17E00E78A8B /* GameScene.swift in Sources */ = {isa = PBXBuildFile; fileRef = CF4273251EBAC17E00E78A8B /* GameScene.swift */; };
		CF4273281EBAC17E00E78A8B /* GameViewController.swift in Sources */ = {isa = PBXBuildFile; fileRef = CF4273271EBAC17E00E78A8B /* GameViewController.swift */; };
		CF42732B1EBAC17E00E78A8B /* Main.storyboard in Resources */ = {isa = PBXBuildFile; fileRef = CF4273291EBAC17E00E78A8B /* Main.storyboard */; };
		CF42732D1EBAC17E00E78A8B /* Assets.xcassets in Resources */ = {isa = PBXBuildFile; fileRef = CF42732C1EBAC17E00E78A8B /* Assets.xcassets */; };
		CF4273301EBAC17E00E78A8B /* LaunchScreen.storyboard in Resources */ = {isa = PBXBuildFile; fileRef = CF42732E1EBAC17E00E78A8B /* LaunchScreen.storyboard */; };
/* End PBXBuildFile section */

/* Begin PBXFileReference section */
		CF1B9F801EC14B7900377381 /* GoogleMobileAds.framework */ = {isa = PBXFileReference; lastKnownFileType = wrapper.framework; path = GoogleMobileAds.framework; sourceTree = "<group>"; };
		CF42731C1EBAC17E00E78A8B /* Fidget.app */ = {isa = PBXFileReference; explicitFileType = wrapper.application; includeInIndex = 0; path = Fidget.app; sourceTree = BUILT_PRODUCTS_DIR; };
		CF42731F1EBAC17E00E78A8B /* AppDelegate.swift */ = {isa = PBXFileReference; lastKnownFileType = sourcecode.swift; path = AppDelegate.swift; sourceTree = "<group>"; };
		CF4273211EBAC17E00E78A8B /* GameScene.sks */ = {isa = PBXFileReference; lastKnownFileType = file.sks; path = GameScene.sks; sourceTree = "<group>"; };
		CF4273251EBAC17E00E78A8B /* GameScene.swift */ = {isa = PBXFileReference; lastKnownFileType = sourcecode.swift; path = GameScene.swift; sourceTree = "<group>"; };
		CF4273271EBAC17E00E78A8B /* GameViewController.swift */ = {isa = PBXFileReference; lastKnownFileType = sourcecode.swift; path = GameViewController.swift; sourceTree = "<group>"; };
		CF42732A1EBAC17E00E78A8B /* Base */ = {isa = PBXFileReference; lastKnownFileType = file.storyboard; name = Base; path = Base.lproj/Main.storyboard; sourceTree = "<group>"; };
		CF42732C1EBAC17E00E78A8B /* Assets.xcassets */ = {isa = PBXFileReference; lastKnownFileType = folder.assetcatalog; path = Assets.xcassets; sourceTree = "<group>"; };
		CF42732F1EBAC17E00E78A8B /* Base */ = {isa = PBXFileReference; lastKnownFileType = file.storyboard; name = Base; path = Base.lproj/LaunchScreen.storyboard; sourceTree = "<group>"; };
		CF4273311EBAC17E00E78A8B /* Info.plist */ = {isa = PBXFileReference; lastKnownFileType = text.plist.xml; path = Info.plist; sourceTree = "<group>"; };
/* End PBXFileReference section */

/* Begin PBXFrameworksBuildPhase section */
		CF4273191EBAC17E00E78A8B /* Frameworks */ = {
			isa = PBXFrameworksBuildPhase;
			buildActionMask = 2147483647;
			files = (
				CF1B9F811EC14B7900377381 /* GoogleMobileAds.framework in Frameworks */,
			);
			runOnlyForDeploymentPostprocessing = 0;
		};
/* End PBXFrameworksBuildPhase section */

/* Begin PBXGroup section */
		CF1B9F7F1EC14B6700377381 /* Frameworks */ = {
			isa = PBXGroup;
			children = (
				CF1B9F801EC14B7900377381 /* GoogleMobileAds.framework */,
			);
			name = Frameworks;
			sourceTree = "<group>";
		};
		CF4273131EBAC17E00E78A8B = {
			isa = PBXGroup;
			children = (
				CF1B9F7F1EC14B6700377381 /* Frameworks */,
				CF42731E1EBAC17E00E78A8B /* Fidget */,
				CF42731D1EBAC17E00E78A8B /* Products */,
			);
			sourceTree = "<group>";
		};
		CF42731D1EBAC17E00E78A8B /* Products */ = {
			isa = PBXGroup;
			children = (
				CF42731C1EBAC17E00E78A8B /* Fidget.app */,
			);
			name = Products;
			sourceTree = "<group>";
		};
		CF42731E1EBAC17E00E78A8B /* Fidget */ = {
			isa = PBXGroup;
			children = (
				CF42731F1EBAC17E00E78A8B /* AppDelegate.swift */,
				CF4273211EBAC17E00E78A8B /* GameScene.sks */,
				CF4273251EBAC17E00E78A8B /* GameScene.swift */,
				CF4273271EBAC17E00E78A8B /* GameViewController.swift */,
				CF4273291EBAC17E00E78A8B /* Main.storyboard */,
				CF42732C1EBAC17E00E78A8B /* Assets.xcassets */,
				CF42732E1EBAC17E00E78A8B /* LaunchScreen.storyboard */,
				CF4273311EBAC17E00E78A8B /* Info.plist */,
			);
			path = Fidget;
			sourceTree = "<group>";
		};
/* End PBXGroup section */

/* Begin PBXNativeTarget section */
		CF42731B1EBAC17E00E78A8B /* Fidget */ = {
			isa = PBXNativeTarget;
			buildConfigurationList = CF4273341EBAC17E00E78A8B /* Build configuration list for PBXNativeTarget "Fidget" */;
			buildPhases = (
				CF4273181EBAC17E00E78A8B /* Sources */,
				CF4273191EBAC17E00E78A8B /* Frameworks */,
				CF42731A1EBAC17E00E78A8B /* Resources */,
			);
			buildRules = (
			);
			dependencies = (
			);
			name = Fidget;
			productName = Fidget;
			productReference = CF42731C1EBAC17E00E78A8B /* Fidget.app */;
			productType = "com.apple.product-type.application";
		};
/* End PBXNativeTarget section */

/* Begin PBXProject section */
		CF4273141EBAC17E00E78A8B /* Project object */ = {
			isa = PBXProject;
			attributes = {
				LastSwiftUpdateCheck = 0830;
				LastUpgradeCheck = 0830;
				ORGANIZATIONNAME = StarPlayr;
				TargetAttributes = {
					CF42731B1EBAC17E00E78A8B = {
						CreatedOnToolsVersion = 8.3.2;
						DevelopmentTeam = 469UCUB275;
						ProvisioningStyle = Automatic;
					};
				};
			};
			buildConfigurationList = CF4273171EBAC17E00E78A8B /* Build configuration list for PBXProject "Fidget" */;
			compatibilityVersion = "Xcode 3.2";
			developmentRegion = English;
			hasScannedForEncodings = 0;
			knownRegions = (
				en,
				Base,
			);
			mainGroup = CF4273131EBAC17E00E78A8B;
			productRefGroup = CF42731D1EBAC17E00E78A8B /* Products */;
			projectDirPath = "";
			projectRoot = "";
			targets = (
				CF42731B1EBAC17E00E78A8B /* Fidget */,
			);
		};
/* End PBXProject section */

/* Begin PBXResourcesBuildPhase section */
		CF42731A1EBAC17E00E78A8B /* Resources */ = {
			isa = PBXResourcesBuildPhase;
			buildActionMask = 2147483647;
			files = (
				CF42732B1EBAC17E00E78A8B /* Main.storyboard in Resources */,
				CF4273221EBAC17E00E78A8B /* GameScene.sks in Resources */,
				CF42732D1EBAC17E00E78A8B /* Assets.xcassets in Resources */,
				CF4273301EBAC17E00E78A8B /* LaunchScreen.storyboard in Resources */,
			);
			runOnlyForDeploymentPostprocessing = 0;
		};
/* End PBXResourcesBuildPhase section */

/* Begin PBXSourcesBuildPhase section */
		CF4273181EBAC17E00E78A8B /* Sources */ = {
			isa = PBXSourcesBuildPhase;
			buildActionMask = 2147483647;
			files = (
				CF4273261EBAC17E00E78A8B /* GameScene.swift in Sources */,
				CF4273281EBAC17E00E78A8B /* GameViewController.swift in Sources */,
				CF4273201EBAC17E00E78A8B /* AppDelegate.swift in Sources */,
			);
			runOnlyForDeploymentPostprocessing = 0;
		};
/* End PBXSourcesBuildPhase section */

/* Begin PBXVariantGroup section */
		CF4273291EBAC17E00E78A8B /* Main.storyboard */ = {
			isa = PBXVariantGroup;
			children = (
				CF42732A1EBAC17E00E78A8B /* Base */,
			);
			name = Main.storyboard;
			sourceTree = "<group>";
		};
		CF42732E1EBAC17E00E78A8B /* LaunchScreen.storyboard */ = {
			isa = PBXVariantGroup;
			children = (
				CF42732F1EBAC17E00E78A8B /* Base */,
			);
			name = LaunchScreen.storyboard;
			sourceTree = "<group>";
		};
/* End PBXVariantGroup section */

/* Begin XCBuildConfiguration section */
		CF4273321EBAC17E00E78A8B /* Debug */ = {
			isa = XCBuildConfiguration;
			buildSettings = {
				ALWAYS_SEARCH_USER_PATHS = NO;
				CLANG_ANALYZER_NONNULL = YES;
				CLANG_ANALYZER_NUMBER_OBJECT_CONVERSION = YES_AGGRESSIVE;
				CLANG_CXX_LANGUAGE_STANDARD = "gnu++0x";
				CLANG_CXX_LIBRARY = "libc++";
				CLANG_ENABLE_MODULES = YES;
				CLANG_ENABLE_OBJC_ARC = YES;
				CLANG_WARN_BOOL_CONVERSION = YES;
				CLANG_WARN_CONSTANT_CONVERSION = YES;
				CLANG_WARN_DIRECT_OBJC_ISA_USAGE = YES_ERROR;
				CLANG_WARN_DOCUMENTATION_COMMENTS = YES;
				CLANG_WARN_EMPTY_BODY = YES;
				CLANG_WARN_ENUM_CONVERSION = YES;
				CLANG_WARN_INFINITE_RECURSION = YES;
				CLANG_WARN_INT_CONVERSION = YES;
				CLANG_WARN_OBJC_ROOT_CLASS = YES_ERROR;
				CLANG_WARN_SUSPICIOUS_MOVE = YES;
				CLANG_WARN_UNREACHABLE_CODE = YES;
				CLANG_WARN__DUPLICATE_METHOD_MATCH = YES;
				"CODE_SIGN_IDENTITY[sdk=iphoneos*]" = "iPhone Developer";
				COPY_PHASE_STRIP = NO;
				DEBUG_INFORMATION_FORMAT = dwarf;
				ENABLE_STRICT_OBJC_MSGSEND = YES;
				ENABLE_TESTABILITY = YES;
				GCC_C_LANGUAGE_STANDARD = gnu99;
				GCC_DYNAMIC_NO_PIC = NO;
				GCC_NO_COMMON_BLOCKS = YES;
				GCC_OPTIMIZATION_LEVEL = 0;
				GCC_PREPROCESSOR_DEFINITIONS = (
					"DEBUG=1",
					"$(inherited)",
				);
				GCC_WARN_64_TO_32_BIT_CONVERSION = YES;
				GCC_WARN_ABOUT_RETURN_TYPE = YES_ERROR;
				GCC_WARN_UNDECLARED_SELECTOR = YES;
				GCC_WARN_UNINITIALIZED_AUTOS = YES_AGGRESSIVE;
				GCC_WARN_UNUSED_FUNCTION = YES;
				GCC_WARN_UNUSED_VARIABLE = YES;
				IPHONEOS_DEPLOYMENT_TARGET = 10.3;
				MTL_ENABLE_DEBUG_INFO = YES;
				ONLY_ACTIVE_ARCH = YES;
				SDKROOT = iphoneos;
				SWIFT_ACTIVE_COMPILATION_CONDITIONS = DEBUG;
				SWIFT_OPTIMIZATION_LEVEL = "-Onone";
			};
			name = Debug;
		};
		CF4273331EBAC17E00E78A8B /* Release */ = {
			isa = XCBuildConfiguration;
			buildSettings = {
				ALWAYS_SEARCH_USER_PATHS = NO;
				CLANG_ANALYZER_NONNULL = YES;
				CLANG_ANALYZER_NUMBER_OBJECT_CONVERSION = YES_AGGRESSIVE;
				CLANG_CXX_LANGUAGE_STANDARD = "gnu++0x";
				CLANG_CXX_LIBRARY = "libc++";
				CLANG_ENABLE_MODULES = YES;
				CLANG_ENABLE_OBJC_ARC = YES;
				CLANG_WARN_BOOL_CONVERSION = YES;
				CLANG_WARN_CONSTANT_CONVERSION = YES;
				CLANG_WARN_DIRECT_OBJC_ISA_USAGE = YES_ERROR;
				CLANG_WARN_DOCUMENTATION_COMMENTS = YES;
				CLANG_WARN_EMPTY_BODY = YES;
				CLANG_WARN_ENUM_CONVERSION = YES;
				CLANG_WARN_INFINITE_RECURSION = YES;
				CLANG_WARN_INT_CONVERSION = YES;
				CLANG_WARN_OBJC_ROOT_CLASS = YES_ERROR;
				CLANG_WARN_SUSPICIOUS_MOVE = YES;
				CLANG_WARN_UNREACHABLE_CODE = YES;
				CLANG_WARN__DUPLICATE_METHOD_MATCH = YES;
				"CODE_SIGN_IDENTITY[sdk=iphoneos*]" = "iPhone Developer";
				COPY_PHASE_STRIP = NO;
				DEBUG_INFORMATION_FORMAT = "dwarf-with-dsym";
				ENABLE_NS_ASSERTIONS = NO;
				ENABLE_STRICT_OBJC_MSGSEND = YES;
				GCC_C_LANGUAGE_STANDARD = gnu99;
				GCC_NO_COMMON_BLOCKS = YES;
				GCC_WARN_64_TO_32_BIT_CONVERSION = YES;
				GCC_WARN_ABOUT_RETURN_TYPE = YES_ERROR;
				GCC_WARN_UNDECLARED_SELECTOR = YES;
				GCC_WARN_UNINITIALIZED_AUTOS = YES_AGGRESSIVE;
				GCC_WARN_UNUSED_FUNCTION = YES;
				GCC_WARN_UNUSED_VARIABLE = YES;
				IPHONEOS_DEPLOYMENT_TARGET = 10.3;
				MTL_ENABLE_DEBUG_INFO = NO;
				SDKROOT = iphoneos;
				SWIFT_OPTIMIZATION_LEVEL = "-Onone";
				VALIDATE_PRODUCT = YES;
			};
			name = Release;
		};
		CF4273351EBAC17E00E78A8B /* Debug */ = {
			isa = XCBuildConfiguration;
			buildSettings = {
				ASSETCATALOG_COMPILER_APPICON_NAME = AppIcon;
				CLANG_USE_OPTIMIZATION_PROFILE = YES;
				DEVELOPMENT_TEAM = 469UCUB275;
				FRAMEWORK_SEARCH_PATHS = (
					"$(inherited)",
					"$(PROJECT_DIR)",
				);
				INFOPLIST_FILE = Fidget/Info.plist;
				LD_RUNPATH_SEARCH_PATHS = "$(inherited) @executable_path/Frameworks";
				PRODUCT_BUNDLE_IDENTIFIER = com.bruss.todd.fidget.ios;
				PRODUCT_NAME = "$(TARGET_NAME)";
				SWIFT_VERSION = 3.0;
			};
			name = Debug;
		};
		CF4273361EBAC17E00E78A8B /* Release */ = {
			isa = XCBuildConfiguration;
			buildSettings = {
				ASSETCATALOG_COMPILER_APPICON_NAME = AppIcon;
				CLANG_USE_OPTIMIZATION_PROFILE = YES;
				DEVELOPMENT_TEAM = 469UCUB275;
				FRAMEWORK_SEARCH_PATHS = (
					"$(inherited)",
					"$(PROJECT_DIR)",
				);
				INFOPLIST_FILE = Fidget/Info.plist;
				LD_RUNPATH_SEARCH_PATHS = "$(inherited) @executable_path/Frameworks";
				PRODUCT_BUNDLE_IDENTIFIER = com.bruss.todd.fidget.ios;
				PRODUCT_NAME = "$(TARGET_NAME)";
				SWIFT_VERSION = 3.0;
			};
			name = Release;
		};
/* End XCBuildConfiguration section */

/* Begin XCConfigurationList section */
		CF4273171EBAC17E00E78A8B /* Build configuration list for PBXProject "Fidget" */ = {
			isa = XCConfigurationList;
			buildConfigurations = (
				CF4273321EBAC17E00E78A8B /* Debug */,
				CF4273331EBAC17E00E78A8B /* Release */,
			);
			defaultConfigurationIsVisible = 0;
			defaultConfigurationName = Release;
		};
		CF4273341EBAC17E00E78A8B /* Build configuration list for PBXNativeTarget "Fidget" */ = {
			isa = XCConfigurationList;
			buildConfigurations = (
				CF4273351EBAC17E00E78A8B /* Debug */,
				CF4273361EBAC17E00E78A8B /* Release */,
			);
			defaultConfigurationIsVisible = 0;
			defaultConfigurationName = Release;
		};
/* End XCConfigurationList section */
	};
	rootObject = CF4273141EBAC17E00E78A8B /* Project object */;
}
